// !$*UTF8*$!
{
	archiveVersion = 1;
	classes = {
	};
	objectVersion = 55;
	objects = {

/* Begin PBXBuildFile section */
		63064F5528917BCC00DF262D /* CoinDetailModel.swift in Sources */ = {isa = PBXBuildFile; fileRef = 63064F5428917BCC00DF262D /* CoinDetailModel.swift */; };
		63064F572891803300DF262D /* CoinDetailDataService.swift in Sources */ = {isa = PBXBuildFile; fileRef = 63064F562891803300DF262D /* CoinDetailDataService.swift */; };
		630FE68628BE2E59008CDFE4 /* Extension+Font.swift in Sources */ = {isa = PBXBuildFile; fileRef = 630FE68528BE2E59008CDFE4 /* Extension+Font.swift */; };
		630FE68828BE6612008CDFE4 /* CryptoPortfolioScreen.swift in Sources */ = {isa = PBXBuildFile; fileRef = 630FE68728BE6612008CDFE4 /* CryptoPortfolioScreen.swift */; };
		63120E2628707A1F0005C691 /* TestProjectSwiftUIApp.swift in Sources */ = {isa = PBXBuildFile; fileRef = 63120E2528707A1F0005C691 /* TestProjectSwiftUIApp.swift */; };
		63120E2828707A1F0005C691 /* AuthScreen.swift in Sources */ = {isa = PBXBuildFile; fileRef = 63120E2728707A1F0005C691 /* AuthScreen.swift */; };
		63120E2A28707A210005C691 /* Assets.xcassets in Resources */ = {isa = PBXBuildFile; fileRef = 63120E2928707A210005C691 /* Assets.xcassets */; };
		63120E2D28707A210005C691 /* Preview Assets.xcassets in Resources */ = {isa = PBXBuildFile; fileRef = 63120E2C28707A210005C691 /* Preview Assets.xcassets */; };
		631D7FEE289292470071E546 /* ChartView.swift in Sources */ = {isa = PBXBuildFile; fileRef = 631D7FED289292470071E546 /* ChartView.swift */; };
		631D7FF02892A7A20071E546 /* Date.swift in Sources */ = {isa = PBXBuildFile; fileRef = 631D7FEF2892A7A20071E546 /* Date.swift */; };
		631D7FF22892A7AC0071E546 /* String.swift in Sources */ = {isa = PBXBuildFile; fileRef = 631D7FF12892A7AC0071E546 /* String.swift */; };
		631E122E2886E97D0051D105 /* StatisticModel.swift in Sources */ = {isa = PBXBuildFile; fileRef = 631E122D2886E97C0051D105 /* StatisticModel.swift */; };
		631E12302886EB8A0051D105 /* StatisticView.swift in Sources */ = {isa = PBXBuildFile; fileRef = 631E122F2886EB8A0051D105 /* StatisticView.swift */; };
		631E12322886F0650051D105 /* HomeStatistView.swift in Sources */ = {isa = PBXBuildFile; fileRef = 631E12312886F0650051D105 /* HomeStatistView.swift */; };
		631E1234288706FD0051D105 /* MarketDataService.swift in Sources */ = {isa = PBXBuildFile; fileRef = 631E1233288706FD0051D105 /* MarketDataService.swift */; };
		63274530288FE19E00237666 /* PortfolioView.swift in Sources */ = {isa = PBXBuildFile; fileRef = 6327452F288FE19E00237666 /* PortfolioView.swift */; };
		63274534288FEAC700237666 /* CoinLogoView.swift in Sources */ = {isa = PBXBuildFile; fileRef = 63274533288FEAC700237666 /* CoinLogoView.swift */; };
		63274537289025C900237666 /* PortfolioDataContainer.xcdatamodeld in Sources */ = {isa = PBXBuildFile; fileRef = 63274535289025C800237666 /* PortfolioDataContainer.xcdatamodeld */; };
		632745392890275000237666 /* PortfolioDataService.swift in Sources */ = {isa = PBXBuildFile; fileRef = 632745382890275000237666 /* PortfolioDataService.swift */; };
		6327453E2891467A00237666 /* DetailView.swift in Sources */ = {isa = PBXBuildFile; fileRef = 6327453D2891467A00237666 /* DetailView.swift */; };
		632745422891469000237666 /* DetailViewModel.swift in Sources */ = {isa = PBXBuildFile; fileRef = 632745412891469000237666 /* DetailViewModel.swift */; };
		6328E9EB28804C2F00143F77 /* LocalFileManager.swift in Sources */ = {isa = PBXBuildFile; fileRef = 6328E9EA28804C2F00143F77 /* LocalFileManager.swift */; };
		6328E9EE28805B8000143F77 /* SearchBarView.swift in Sources */ = {isa = PBXBuildFile; fileRef = 6328E9ED28805B8000143F77 /* SearchBarView.swift */; };
		6328E9F02880633B00143F77 /* ExtensionApplication.swift in Sources */ = {isa = PBXBuildFile; fileRef = 6328E9EF2880633B00143F77 /* ExtensionApplication.swift */; };
		633788E028C779D500C3ED02 /* ImagePicker.swift in Sources */ = {isa = PBXBuildFile; fileRef = 633788DF28C779D500C3ED02 /* ImagePicker.swift */; };
		633E2A1528D208A900345FE4 /* GoogleSignIn in Frameworks */ = {isa = PBXBuildFile; productRef = 633E2A1428D208A900345FE4 /* GoogleSignIn */; };
		6350DE3028C23007009A41EB /* PortfolioStatisticSlice.swift in Sources */ = {isa = PBXBuildFile; fileRef = 6350DE2F28C23007009A41EB /* PortfolioStatisticSlice.swift */; };
		6350DE3228C2327F009A41EB /* PortfolioChartView.swift in Sources */ = {isa = PBXBuildFile; fileRef = 6350DE3128C2327F009A41EB /* PortfolioChartView.swift */; };
		6352C73828C0C746002DF51C /* CornerRadius+Extension.swift in Sources */ = {isa = PBXBuildFile; fileRef = 6352C73728C0C746002DF51C /* CornerRadius+Extension.swift */; };
		6352C73F28C0EB3E002DF51C /* BottomSheet in Frameworks */ = {isa = PBXBuildFile; productRef = 6352C73E28C0EB3E002DF51C /* BottomSheet */; };
		635DC0BB28748BBB000FB680 /* CShape.swift in Sources */ = {isa = PBXBuildFile; fileRef = 635DC0BA28748BBB000FB680 /* CShape.swift */; };
		635DC0BD28748DCD000FB680 /* Login.swift in Sources */ = {isa = PBXBuildFile; fileRef = 635DC0BC28748DCD000FB680 /* Login.swift */; };
		635DC0BF28748DD7000FB680 /* SignUp.swift in Sources */ = {isa = PBXBuildFile; fileRef = 635DC0BE28748DD7000FB680 /* SignUp.swift */; };
		6363C87928D4673600202A39 /* UserModel.swift in Sources */ = {isa = PBXBuildFile; fileRef = 6363C87828D4673600202A39 /* UserModel.swift */; };
		6363C88028D48C3100202A39 /* SDWebImageSwiftUI in Frameworks */ = {isa = PBXBuildFile; productRef = 6363C87F28D48C3100202A39 /* SDWebImageSwiftUI */; };
		638DED4A28BF4E4B006AAE15 /* CustomNavBar.swift in Sources */ = {isa = PBXBuildFile; fileRef = 638DED4928BF4E4B006AAE15 /* CustomNavBar.swift */; };
		638DED4C28BF770F006AAE15 /* RowProfile.swift in Sources */ = {isa = PBXBuildFile; fileRef = 638DED4B28BF770F006AAE15 /* RowProfile.swift */; };
		638DED4E28BF7A64006AAE15 /* ModelProfile.swift in Sources */ = {isa = PBXBuildFile; fileRef = 638DED4D28BF7A64006AAE15 /* ModelProfile.swift */; };
		638DED5028BFB3DF006AAE15 /* ProfileView.swift in Sources */ = {isa = PBXBuildFile; fileRef = 638DED4F28BFB3DF006AAE15 /* ProfileView.swift */; };
		6399B65428C8C79E0048ADE9 /* ProfileViewModel.swift in Sources */ = {isa = PBXBuildFile; fileRef = 6399B65328C8C79E0048ADE9 /* ProfileViewModel.swift */; };
		6399B65928C9E89F0048ADE9 /* Extension+Placeholder.swift in Sources */ = {isa = PBXBuildFile; fileRef = 6399B65828C9E89F0048ADE9 /* Extension+Placeholder.swift */; };
		63AF24D2289C0A6A0072F5CC /* Launch Screen.storyboard in Resources */ = {isa = PBXBuildFile; fileRef = 63AF24D1289C0A6A0072F5CC /* Launch Screen.storyboard */; };
		63AF24D6289C0D970072F5CC /* LaunchView.swift in Sources */ = {isa = PBXBuildFile; fileRef = 63AF24D5289C0D970072F5CC /* LaunchView.swift */; };
		63BFB2A128CF3B4200352EE7 /* ViewRouter.swift in Sources */ = {isa = PBXBuildFile; fileRef = 63BFB2A028CF3B4200352EE7 /* ViewRouter.swift */; };
		63BFB2A428CF3B9D00352EE7 /* MainScreen.swift in Sources */ = {isa = PBXBuildFile; fileRef = 63BFB2A328CF3B9D00352EE7 /* MainScreen.swift */; };
		63BFB2A528CF441E00352EE7 /* GoogleService-Info.plist in Sources */ = {isa = PBXBuildFile; fileRef = 63BFB29F28CF307E00352EE7 /* GoogleService-Info.plist */; };
		63C1E20428772AC000E3FD60 /* CryptoCoreScreen.swift in Sources */ = {isa = PBXBuildFile; fileRef = 63C1E20328772AC000E3FD60 /* CryptoCoreScreen.swift */; };
		63C1E2072877312F00E3FD60 /* Extension+Color.swift in Sources */ = {isa = PBXBuildFile; fileRef = 63C1E2062877312F00E3FD60 /* Extension+Color.swift */; };
		63D362E428D311FE00EA9C6B /* EditProfileView.swift in Sources */ = {isa = PBXBuildFile; fileRef = 63D362E328D311FE00EA9C6B /* EditProfileView.swift */; };
		63D362EF28D36CE100EA9C6B /* FirebaseAuth in Frameworks */ = {isa = PBXBuildFile; productRef = 63D362EE28D36CE100EA9C6B /* FirebaseAuth */; };
		63D362F128D36CE100EA9C6B /* FirebaseFirestore in Frameworks */ = {isa = PBXBuildFile; productRef = 63D362F028D36CE100EA9C6B /* FirebaseFirestore */; };
		63D362F328D36CE100EA9C6B /* FirebaseStorage in Frameworks */ = {isa = PBXBuildFile; productRef = 63D362F228D36CE100EA9C6B /* FirebaseStorage */; };
		63DAE1F0287D96810014E62A /* CircleButtonView.swift in Sources */ = {isa = PBXBuildFile; fileRef = 63DAE1EF287D96810014E62A /* CircleButtonView.swift */; };
		63DAE1F2287D9C070014E62A /* CircleButtonAnimationView.swift in Sources */ = {isa = PBXBuildFile; fileRef = 63DAE1F1287D9C070014E62A /* CircleButtonAnimationView.swift */; };
		63DAE1F5287DB61B0014E62A /* CoinModel.swift in Sources */ = {isa = PBXBuildFile; fileRef = 63DAE1F4287DB61B0014E62A /* CoinModel.swift */; };
		63DAE1F7287DB6360014E62A /* MarketDataModel.swift in Sources */ = {isa = PBXBuildFile; fileRef = 63DAE1F6287DB6360014E62A /* MarketDataModel.swift */; };
		63DAE1FE287DBE380014E62A /* PreviewProvider.swift in Sources */ = {isa = PBXBuildFile; fileRef = 63DAE1FD287DBE380014E62A /* PreviewProvider.swift */; };
		63DAE200287DBEBF0014E62A /* CryptoRowView.swift in Sources */ = {isa = PBXBuildFile; fileRef = 63DAE1FF287DBEBF0014E62A /* CryptoRowView.swift */; };
		63DAE203287DCA410014E62A /* Extension+Double.swift in Sources */ = {isa = PBXBuildFile; fileRef = 63DAE202287DCA410014E62A /* Extension+Double.swift */; };
		63DAE205287EB8310014E62A /* CryptoCoreViewModel.swift in Sources */ = {isa = PBXBuildFile; fileRef = 63DAE204287EB8310014E62A /* CryptoCoreViewModel.swift */; };
		63DAE208287ED4550014E62A /* CryptoDataService.swift in Sources */ = {isa = PBXBuildFile; fileRef = 63DAE207287ED4550014E62A /* CryptoDataService.swift */; };
		63DAE20B287F070C0014E62A /* NetworkManager.swift in Sources */ = {isa = PBXBuildFile; fileRef = 63DAE20A287F070C0014E62A /* NetworkManager.swift */; };
		63DAE20D287F12E30014E62A /* CryptoImageView.swift in Sources */ = {isa = PBXBuildFile; fileRef = 63DAE20C287F12E30014E62A /* CryptoImageView.swift */; };
		63DAE20F287F155B0014E62A /* CryptoImageService.swift in Sources */ = {isa = PBXBuildFile; fileRef = 63DAE20E287F155B0014E62A /* CryptoImageService.swift */; };
		63DAE211287F17100014E62A /* CryptoImageViewModel.swift in Sources */ = {isa = PBXBuildFile; fileRef = 63DAE210287F17100014E62A /* CryptoImageViewModel.swift */; };
		63DB6D3928D083B200868CEC /* AuthViewModel.swift in Sources */ = {isa = PBXBuildFile; fileRef = 63DB6D3828D083B200868CEC /* AuthViewModel.swift */; };
		63DB6D3B28D0875600868CEC /* EntryField.swift in Sources */ = {isa = PBXBuildFile; fileRef = 63DB6D3A28D0875600868CEC /* EntryField.swift */; };
/* End PBXBuildFile section */

/* Begin PBXFileReference section */
		63064F5428917BCC00DF262D /* CoinDetailModel.swift */ = {isa = PBXFileReference; fileEncoding = 4; lastKnownFileType = sourcecode.swift; path = CoinDetailModel.swift; sourceTree = "<group>"; };
		63064F562891803300DF262D /* CoinDetailDataService.swift */ = {isa = PBXFileReference; lastKnownFileType = sourcecode.swift; path = CoinDetailDataService.swift; sourceTree = "<group>"; };
		630FE68528BE2E59008CDFE4 /* Extension+Font.swift */ = {isa = PBXFileReference; lastKnownFileType = sourcecode.swift; path = "Extension+Font.swift"; sourceTree = "<group>"; };
		630FE68728BE6612008CDFE4 /* CryptoPortfolioScreen.swift */ = {isa = PBXFileReference; lastKnownFileType = sourcecode.swift; path = CryptoPortfolioScreen.swift; sourceTree = "<group>"; };
		63120E2228707A1F0005C691 /* IceRockSwiftUIProject.app */ = {isa = PBXFileReference; explicitFileType = wrapper.application; includeInIndex = 0; path = IceRockSwiftUIProject.app; sourceTree = BUILT_PRODUCTS_DIR; };
		63120E2528707A1F0005C691 /* TestProjectSwiftUIApp.swift */ = {isa = PBXFileReference; lastKnownFileType = sourcecode.swift; path = TestProjectSwiftUIApp.swift; sourceTree = "<group>"; };
		63120E2728707A1F0005C691 /* AuthScreen.swift */ = {isa = PBXFileReference; lastKnownFileType = sourcecode.swift; path = AuthScreen.swift; sourceTree = "<group>"; };
		63120E2928707A210005C691 /* Assets.xcassets */ = {isa = PBXFileReference; lastKnownFileType = folder.assetcatalog; path = Assets.xcassets; sourceTree = "<group>"; };
		63120E2C28707A210005C691 /* Preview Assets.xcassets */ = {isa = PBXFileReference; lastKnownFileType = folder.assetcatalog; path = "Preview Assets.xcassets"; sourceTree = "<group>"; };
		631D7FED289292470071E546 /* ChartView.swift */ = {isa = PBXFileReference; lastKnownFileType = sourcecode.swift; path = ChartView.swift; sourceTree = "<group>"; };
		631D7FEF2892A7A20071E546 /* Date.swift */ = {isa = PBXFileReference; fileEncoding = 4; lastKnownFileType = sourcecode.swift; path = Date.swift; sourceTree = "<group>"; };
		631D7FF12892A7AC0071E546 /* String.swift */ = {isa = PBXFileReference; fileEncoding = 4; lastKnownFileType = sourcecode.swift; path = String.swift; sourceTree = "<group>"; };
		631E122D2886E97C0051D105 /* StatisticModel.swift */ = {isa = PBXFileReference; fileEncoding = 4; lastKnownFileType = sourcecode.swift; path = StatisticModel.swift; sourceTree = "<group>"; };
		631E122F2886EB8A0051D105 /* StatisticView.swift */ = {isa = PBXFileReference; lastKnownFileType = sourcecode.swift; path = StatisticView.swift; sourceTree = "<group>"; };
		631E12312886F0650051D105 /* HomeStatistView.swift */ = {isa = PBXFileReference; lastKnownFileType = sourcecode.swift; path = HomeStatistView.swift; sourceTree = "<group>"; };
		631E1233288706FD0051D105 /* MarketDataService.swift */ = {isa = PBXFileReference; lastKnownFileType = sourcecode.swift; path = MarketDataService.swift; sourceTree = "<group>"; };
		6327452F288FE19E00237666 /* PortfolioView.swift */ = {isa = PBXFileReference; lastKnownFileType = sourcecode.swift; path = PortfolioView.swift; sourceTree = "<group>"; };
		63274533288FEAC700237666 /* CoinLogoView.swift */ = {isa = PBXFileReference; lastKnownFileType = sourcecode.swift; path = CoinLogoView.swift; sourceTree = "<group>"; };
		63274536289025C800237666 /* PortfolioDataContainer.xcdatamodel */ = {isa = PBXFileReference; lastKnownFileType = wrapper.xcdatamodel; path = PortfolioDataContainer.xcdatamodel; sourceTree = "<group>"; };
		632745382890275000237666 /* PortfolioDataService.swift */ = {isa = PBXFileReference; lastKnownFileType = sourcecode.swift; path = PortfolioDataService.swift; sourceTree = "<group>"; };
		6327453D2891467A00237666 /* DetailView.swift */ = {isa = PBXFileReference; lastKnownFileType = sourcecode.swift; path = DetailView.swift; sourceTree = "<group>"; };
		632745412891469000237666 /* DetailViewModel.swift */ = {isa = PBXFileReference; lastKnownFileType = sourcecode.swift; path = DetailViewModel.swift; sourceTree = "<group>"; };
		6328E9EA28804C2F00143F77 /* LocalFileManager.swift */ = {isa = PBXFileReference; lastKnownFileType = sourcecode.swift; path = LocalFileManager.swift; sourceTree = "<group>"; };
		6328E9ED28805B8000143F77 /* SearchBarView.swift */ = {isa = PBXFileReference; lastKnownFileType = sourcecode.swift; path = SearchBarView.swift; sourceTree = "<group>"; };
		6328E9EF2880633B00143F77 /* ExtensionApplication.swift */ = {isa = PBXFileReference; lastKnownFileType = sourcecode.swift; path = ExtensionApplication.swift; sourceTree = "<group>"; };
		633788DF28C779D500C3ED02 /* ImagePicker.swift */ = {isa = PBXFileReference; lastKnownFileType = sourcecode.swift; path = ImagePicker.swift; sourceTree = "<group>"; };
		6350DE2F28C23007009A41EB /* PortfolioStatisticSlice.swift */ = {isa = PBXFileReference; lastKnownFileType = sourcecode.swift; path = PortfolioStatisticSlice.swift; sourceTree = "<group>"; };
		6350DE3128C2327F009A41EB /* PortfolioChartView.swift */ = {isa = PBXFileReference; lastKnownFileType = sourcecode.swift; path = PortfolioChartView.swift; sourceTree = "<group>"; };
		6352C73728C0C746002DF51C /* CornerRadius+Extension.swift */ = {isa = PBXFileReference; lastKnownFileType = sourcecode.swift; path = "CornerRadius+Extension.swift"; sourceTree = "<group>"; };
		635DC0BA28748BBB000FB680 /* CShape.swift */ = {isa = PBXFileReference; lastKnownFileType = sourcecode.swift; path = CShape.swift; sourceTree = "<group>"; };
		635DC0BC28748DCD000FB680 /* Login.swift */ = {isa = PBXFileReference; lastKnownFileType = sourcecode.swift; path = Login.swift; sourceTree = "<group>"; };
		635DC0BE28748DD7000FB680 /* SignUp.swift */ = {isa = PBXFileReference; lastKnownFileType = sourcecode.swift; path = SignUp.swift; sourceTree = "<group>"; };
		6363C87828D4673600202A39 /* UserModel.swift */ = {isa = PBXFileReference; lastKnownFileType = sourcecode.swift; path = UserModel.swift; sourceTree = "<group>"; };
		638DED4928BF4E4B006AAE15 /* CustomNavBar.swift */ = {isa = PBXFileReference; lastKnownFileType = sourcecode.swift; path = CustomNavBar.swift; sourceTree = "<group>"; };
		638DED4B28BF770F006AAE15 /* RowProfile.swift */ = {isa = PBXFileReference; lastKnownFileType = sourcecode.swift; path = RowProfile.swift; sourceTree = "<group>"; };
		638DED4D28BF7A64006AAE15 /* ModelProfile.swift */ = {isa = PBXFileReference; lastKnownFileType = sourcecode.swift; path = ModelProfile.swift; sourceTree = "<group>"; };
		638DED4F28BFB3DF006AAE15 /* ProfileView.swift */ = {isa = PBXFileReference; fileEncoding = 4; lastKnownFileType = sourcecode.swift; path = ProfileView.swift; sourceTree = "<group>"; };
		6399B65328C8C79E0048ADE9 /* ProfileViewModel.swift */ = {isa = PBXFileReference; lastKnownFileType = sourcecode.swift; path = ProfileViewModel.swift; sourceTree = "<group>"; };
		6399B65828C9E89F0048ADE9 /* Extension+Placeholder.swift */ = {isa = PBXFileReference; lastKnownFileType = sourcecode.swift; path = "Extension+Placeholder.swift"; sourceTree = "<group>"; };
		63AF24D1289C0A6A0072F5CC /* Launch Screen.storyboard */ = {isa = PBXFileReference; lastKnownFileType = file.storyboard; path = "Launch Screen.storyboard"; sourceTree = "<group>"; };
		63AF24D3289C0C5A0072F5CC /* IceRockSwiftUIProject-Info.plist */ = {isa = PBXFileReference; fileEncoding = 4; lastKnownFileType = text.plist.xml; path = "IceRockSwiftUIProject-Info.plist"; sourceTree = "<group>"; };
		63AF24D5289C0D970072F5CC /* LaunchView.swift */ = {isa = PBXFileReference; lastKnownFileType = sourcecode.swift; path = LaunchView.swift; sourceTree = "<group>"; };
		63BFB29F28CF307E00352EE7 /* GoogleService-Info.plist */ = {isa = PBXFileReference; lastKnownFileType = text.plist.xml; path = "GoogleService-Info.plist"; sourceTree = "<group>"; };
		63BFB2A028CF3B4200352EE7 /* ViewRouter.swift */ = {isa = PBXFileReference; fileEncoding = 4; lastKnownFileType = sourcecode.swift; path = ViewRouter.swift; sourceTree = "<group>"; };
		63BFB2A328CF3B9D00352EE7 /* MainScreen.swift */ = {isa = PBXFileReference; lastKnownFileType = sourcecode.swift; path = MainScreen.swift; sourceTree = "<group>"; };
		63C1E20328772AC000E3FD60 /* CryptoCoreScreen.swift */ = {isa = PBXFileReference; lastKnownFileType = sourcecode.swift; path = CryptoCoreScreen.swift; sourceTree = "<group>"; };
		63C1E2062877312F00E3FD60 /* Extension+Color.swift */ = {isa = PBXFileReference; lastKnownFileType = sourcecode.swift; path = "Extension+Color.swift"; sourceTree = "<group>"; };
		63D362E328D311FE00EA9C6B /* EditProfileView.swift */ = {isa = PBXFileReference; lastKnownFileType = sourcecode.swift; path = EditProfileView.swift; sourceTree = "<group>"; };
		63DAE1EF287D96810014E62A /* CircleButtonView.swift */ = {isa = PBXFileReference; lastKnownFileType = sourcecode.swift; path = CircleButtonView.swift; sourceTree = "<group>"; };
		63DAE1F1287D9C070014E62A /* CircleButtonAnimationView.swift */ = {isa = PBXFileReference; lastKnownFileType = sourcecode.swift; path = CircleButtonAnimationView.swift; sourceTree = "<group>"; };
		63DAE1F4287DB61B0014E62A /* CoinModel.swift */ = {isa = PBXFileReference; fileEncoding = 4; lastKnownFileType = sourcecode.swift; path = CoinModel.swift; sourceTree = "<group>"; };
		63DAE1F6287DB6360014E62A /* MarketDataModel.swift */ = {isa = PBXFileReference; fileEncoding = 4; lastKnownFileType = sourcecode.swift; path = MarketDataModel.swift; sourceTree = "<group>"; };
		63DAE1FD287DBE380014E62A /* PreviewProvider.swift */ = {isa = PBXFileReference; lastKnownFileType = sourcecode.swift; path = PreviewProvider.swift; sourceTree = "<group>"; };
		63DAE1FF287DBEBF0014E62A /* CryptoRowView.swift */ = {isa = PBXFileReference; lastKnownFileType = sourcecode.swift; path = CryptoRowView.swift; sourceTree = "<group>"; };
		63DAE202287DCA410014E62A /* Extension+Double.swift */ = {isa = PBXFileReference; lastKnownFileType = sourcecode.swift; path = "Extension+Double.swift"; sourceTree = "<group>"; };
		63DAE204287EB8310014E62A /* CryptoCoreViewModel.swift */ = {isa = PBXFileReference; lastKnownFileType = sourcecode.swift; path = CryptoCoreViewModel.swift; sourceTree = "<group>"; };
		63DAE207287ED4550014E62A /* CryptoDataService.swift */ = {isa = PBXFileReference; lastKnownFileType = sourcecode.swift; path = CryptoDataService.swift; sourceTree = "<group>"; };
		63DAE20A287F070C0014E62A /* NetworkManager.swift */ = {isa = PBXFileReference; lastKnownFileType = sourcecode.swift; path = NetworkManager.swift; sourceTree = "<group>"; };
		63DAE20C287F12E30014E62A /* CryptoImageView.swift */ = {isa = PBXFileReference; lastKnownFileType = sourcecode.swift; path = CryptoImageView.swift; sourceTree = "<group>"; };
		63DAE20E287F155B0014E62A /* CryptoImageService.swift */ = {isa = PBXFileReference; lastKnownFileType = sourcecode.swift; path = CryptoImageService.swift; sourceTree = "<group>"; };
		63DAE210287F17100014E62A /* CryptoImageViewModel.swift */ = {isa = PBXFileReference; lastKnownFileType = sourcecode.swift; path = CryptoImageViewModel.swift; sourceTree = "<group>"; };
		63DB6D3828D083B200868CEC /* AuthViewModel.swift */ = {isa = PBXFileReference; lastKnownFileType = sourcecode.swift; path = AuthViewModel.swift; sourceTree = "<group>"; };
		63DB6D3A28D0875600868CEC /* EntryField.swift */ = {isa = PBXFileReference; lastKnownFileType = sourcecode.swift; path = EntryField.swift; sourceTree = "<group>"; };
/* End PBXFileReference section */

/* Begin PBXFrameworksBuildPhase section */
		63120E1F28707A1F0005C691 /* Frameworks */ = {
			isa = PBXFrameworksBuildPhase;
			buildActionMask = 2147483647;
			files = (
				6363C88028D48C3100202A39 /* SDWebImageSwiftUI in Frameworks */,
				633E2A1528D208A900345FE4 /* GoogleSignIn in Frameworks */,
				63D362F128D36CE100EA9C6B /* FirebaseFirestore in Frameworks */,
				63D362EF28D36CE100EA9C6B /* FirebaseAuth in Frameworks */,
				63D362F328D36CE100EA9C6B /* FirebaseStorage in Frameworks */,
				6352C73F28C0EB3E002DF51C /* BottomSheet in Frameworks */,
			);
			runOnlyForDeploymentPostprocessing = 0;
		};
/* End PBXFrameworksBuildPhase section */

/* Begin PBXGroup section */
		63120E1928707A1F0005C691 = {
			isa = PBXGroup;
			children = (
				63AF24D3289C0C5A0072F5CC /* IceRockSwiftUIProject-Info.plist */,
				63120E2428707A1F0005C691 /* TestProjectSwiftUI */,
				63120E2328707A1F0005C691 /* Products */,
			);
			sourceTree = "<group>";
		};
		63120E2328707A1F0005C691 /* Products */ = {
			isa = PBXGroup;
			children = (
				63120E2228707A1F0005C691 /* IceRockSwiftUIProject.app */,
			);
			name = Products;
			sourceTree = "<group>";
		};
		63120E2428707A1F0005C691 /* TestProjectSwiftUI */ = {
			isa = PBXGroup;
			children = (
				6328E9EC2880553C00143F77 /* Main */,
				63C1E2052877311700E3FD60 /* Extensions */,
				63DAE206287ED43C0014E62A /* Service */,
				63DAE1F3287DB6060014E62A /* Models */,
				63C1E20128772A7A00E3FD60 /* AuthModule */,
				63C1E20228772A9900E3FD60 /* CoreModule */,
				63AF24CF289C0A530072F5CC /* LaunchScreen */,
				63120E2928707A210005C691 /* Assets.xcassets */,
				63BFB29F28CF307E00352EE7 /* GoogleService-Info.plist */,
				63120E2B28707A210005C691 /* Preview Content */,
			);
			path = TestProjectSwiftUI;
			sourceTree = "<group>";
		};
		63120E2B28707A210005C691 /* Preview Content */ = {
			isa = PBXGroup;
			children = (
				63120E2C28707A210005C691 /* Preview Assets.xcassets */,
			);
			path = "Preview Content";
			sourceTree = "<group>";
		};
		6327453C2891466300237666 /* DetailScreen */ = {
			isa = PBXGroup;
			children = (
				632745402891468300237666 /* ViewModels */,
				6327453F2891467D00237666 /* Views */,
			);
			path = DetailScreen;
			sourceTree = "<group>";
		};
		6327453F2891467D00237666 /* Views */ = {
			isa = PBXGroup;
			children = (
				6327453D2891467A00237666 /* DetailView.swift */,
				631D7FED289292470071E546 /* ChartView.swift */,
			);
			path = Views;
			sourceTree = "<group>";
		};
		632745402891468300237666 /* ViewModels */ = {
			isa = PBXGroup;
			children = (
				632745412891469000237666 /* DetailViewModel.swift */,
			);
			path = ViewModels;
			sourceTree = "<group>";
		};
		6328E9EC2880553C00143F77 /* Main */ = {
			isa = PBXGroup;
			children = (
				63120E2528707A1F0005C691 /* TestProjectSwiftUIApp.swift */,
				63BFB2A028CF3B4200352EE7 /* ViewRouter.swift */,
				63BFB2A328CF3B9D00352EE7 /* MainScreen.swift */,
			);
			path = Main;
			sourceTree = "<group>";
		};
		633788DE28C779CA00C3ED02 /* ImagePicker */ = {
			isa = PBXGroup;
			children = (
				633788DF28C779D500C3ED02 /* ImagePicker.swift */,
			);
			path = ImagePicker;
			sourceTree = "<group>";
		};
		6350DE2D28C22FBA009A41EB /* SearchBar */ = {
			isa = PBXGroup;
			children = (
				6328E9ED28805B8000143F77 /* SearchBarView.swift */,
			);
			path = SearchBar;
			sourceTree = "<group>";
		};
		6350DE2E28C22FD7009A41EB /* PortfolioCircleStatisticView */ = {
			isa = PBXGroup;
			children = (
				6350DE2F28C23007009A41EB /* PortfolioStatisticSlice.swift */,
			);
			path = PortfolioCircleStatisticView;
			sourceTree = "<group>";
		};
		638DED4828BF4D6A006AAE15 /* CustomNaviBar */ = {
			isa = PBXGroup;
			children = (
				638DED4928BF4E4B006AAE15 /* CustomNavBar.swift */,
			);
			path = CustomNaviBar;
			sourceTree = "<group>";
		};
		6399B65028C8C7810048ADE9 /* ViewModel */ = {
			isa = PBXGroup;
			children = (
				6399B65328C8C79E0048ADE9 /* ProfileViewModel.swift */,
			);
			path = ViewModel;
			sourceTree = "<group>";
		};
		6399B65128C8C7860048ADE9 /* View */ = {
			isa = PBXGroup;
			children = (
				638DED4F28BFB3DF006AAE15 /* ProfileView.swift */,
				638DED4B28BF770F006AAE15 /* RowProfile.swift */,
				63D362E328D311FE00EA9C6B /* EditProfileView.swift */,
			);
			path = View;
			sourceTree = "<group>";
		};
		6399B65228C8C7890048ADE9 /* Model */ = {
			isa = PBXGroup;
			children = (
				638DED4D28BF7A64006AAE15 /* ModelProfile.swift */,
			);
			path = Model;
			sourceTree = "<group>";
		};
		6399B65728C9DAFE0048ADE9 /* StatisticView */ = {
			isa = PBXGroup;
			children = (
				631E122F2886EB8A0051D105 /* StatisticView.swift */,
			);
			path = StatisticView;
			sourceTree = "<group>";
		};
		639AB00C28981EE900988648 /* ProfileScreen */ = {
			isa = PBXGroup;
			children = (
				6399B65028C8C7810048ADE9 /* ViewModel */,
				6399B65228C8C7890048ADE9 /* Model */,
				6399B65128C8C7860048ADE9 /* View */,
			);
			path = ProfileScreen;
			sourceTree = "<group>";
		};
		63AF24CF289C0A530072F5CC /* LaunchScreen */ = {
			isa = PBXGroup;
			children = (
				63AF24D0289C0A5F0072F5CC /* Views */,
			);
			path = LaunchScreen;
			sourceTree = "<group>";
		};
		63AF24D0289C0A5F0072F5CC /* Views */ = {
			isa = PBXGroup;
			children = (
				63AF24D1289C0A6A0072F5CC /* Launch Screen.storyboard */,
				63AF24D5289C0D970072F5CC /* LaunchView.swift */,
			);
			path = Views;
			sourceTree = "<group>";
		};
		63C1E20128772A7A00E3FD60 /* AuthModule */ = {
			isa = PBXGroup;
			children = (
				63DB6D3628D0838B00868CEC /* AuthViewModel */,
				63DB6D3728D0839400868CEC /* View */,
			);
			path = AuthModule;
			sourceTree = "<group>";
		};
		63C1E20228772A9900E3FD60 /* CoreModule */ = {
			isa = PBXGroup;
			children = (
				63DAE1EE287D96670014E62A /* ConponentsElement */,
				639AB00C28981EE900988648 /* ProfileScreen */,
				6327453C2891466300237666 /* DetailScreen */,
				63DAE1EB287D921F0014E62A /* HomeScreen */,
			);
			path = CoreModule;
			sourceTree = "<group>";
		};
		63C1E2052877311700E3FD60 /* Extensions */ = {
			isa = PBXGroup;
			children = (
				63C1E2062877312F00E3FD60 /* Extension+Color.swift */,
				63DAE1FD287DBE380014E62A /* PreviewProvider.swift */,
				63DAE202287DCA410014E62A /* Extension+Double.swift */,
				6328E9EF2880633B00143F77 /* ExtensionApplication.swift */,
				631D7FEF2892A7A20071E546 /* Date.swift */,
				631D7FF12892A7AC0071E546 /* String.swift */,
				630FE68528BE2E59008CDFE4 /* Extension+Font.swift */,
				6352C73728C0C746002DF51C /* CornerRadius+Extension.swift */,
				6399B65828C9E89F0048ADE9 /* Extension+Placeholder.swift */,
			);
			path = Extensions;
			sourceTree = "<group>";
		};
		63DAE1EB287D921F0014E62A /* HomeScreen */ = {
			isa = PBXGroup;
			children = (
				63DAE1ED287D92300014E62A /* ViewModels */,
				63DAE1EC287D922A0014E62A /* Views */,
			);
			path = HomeScreen;
			sourceTree = "<group>";
		};
		63DAE1EC287D922A0014E62A /* Views */ = {
			isa = PBXGroup;
			children = (
				63C1E20328772AC000E3FD60 /* CryptoCoreScreen.swift */,
				630FE68728BE6612008CDFE4 /* CryptoPortfolioScreen.swift */,
				631E12312886F0650051D105 /* HomeStatistView.swift */,
				6350DE3128C2327F009A41EB /* PortfolioChartView.swift */,
				63DAE1FF287DBEBF0014E62A /* CryptoRowView.swift */,
				6327452F288FE19E00237666 /* PortfolioView.swift */,
			);
			path = Views;
			sourceTree = "<group>";
		};
		63DAE1ED287D92300014E62A /* ViewModels */ = {
			isa = PBXGroup;
			children = (
				63DAE204287EB8310014E62A /* CryptoCoreViewModel.swift */,
			);
			path = ViewModels;
			sourceTree = "<group>";
		};
		63DAE1EE287D96670014E62A /* ConponentsElement */ = {
			isa = PBXGroup;
			children = (
				6399B65728C9DAFE0048ADE9 /* StatisticView */,
				633788DE28C779CA00C3ED02 /* ImagePicker */,
				6350DE2E28C22FD7009A41EB /* PortfolioCircleStatisticView */,
				6350DE2D28C22FBA009A41EB /* SearchBar */,
				638DED4828BF4D6A006AAE15 /* CustomNaviBar */,
				63DAE213287F173C0014E62A /* ButtonView */,
				63DAE212287F17210014E62A /* CryptoCoinImageView */,
			);
			path = ConponentsElement;
			sourceTree = "<group>";
		};
		63DAE1F3287DB6060014E62A /* Models */ = {
			isa = PBXGroup;
			children = (
				63DAE1F4287DB61B0014E62A /* CoinModel.swift */,
				63DAE1F6287DB6360014E62A /* MarketDataModel.swift */,
				631E122D2886E97C0051D105 /* StatisticModel.swift */,
				63064F5428917BCC00DF262D /* CoinDetailModel.swift */,
				6363C87828D4673600202A39 /* UserModel.swift */,
				63274535289025C800237666 /* PortfolioDataContainer.xcdatamodeld */,
			);
			path = Models;
			sourceTree = "<group>";
		};
		63DAE206287ED43C0014E62A /* Service */ = {
			isa = PBXGroup;
			children = (
				63DAE209287F06FA0014E62A /* manager */,
				63DAE207287ED4550014E62A /* CryptoDataService.swift */,
				63DAE20E287F155B0014E62A /* CryptoImageService.swift */,
				631E1233288706FD0051D105 /* MarketDataService.swift */,
				632745382890275000237666 /* PortfolioDataService.swift */,
				63064F562891803300DF262D /* CoinDetailDataService.swift */,
			);
			path = Service;
			sourceTree = "<group>";
		};
		63DAE209287F06FA0014E62A /* manager */ = {
			isa = PBXGroup;
			children = (
				63DAE20A287F070C0014E62A /* NetworkManager.swift */,
				6328E9EA28804C2F00143F77 /* LocalFileManager.swift */,
			);
			path = manager;
			sourceTree = "<group>";
		};
		63DAE212287F17210014E62A /* CryptoCoinImageView */ = {
			isa = PBXGroup;
			children = (
				63DAE20C287F12E30014E62A /* CryptoImageView.swift */,
				63DAE210287F17100014E62A /* CryptoImageViewModel.swift */,
				63274533288FEAC700237666 /* CoinLogoView.swift */,
			);
			path = CryptoCoinImageView;
			sourceTree = "<group>";
		};
		63DAE213287F173C0014E62A /* ButtonView */ = {
			isa = PBXGroup;
			children = (
				63DAE1EF287D96810014E62A /* CircleButtonView.swift */,
				63DAE1F1287D9C070014E62A /* CircleButtonAnimationView.swift */,
			);
			path = ButtonView;
			sourceTree = "<group>";
		};
		63DB6D3628D0838B00868CEC /* AuthViewModel */ = {
			isa = PBXGroup;
			children = (
				63DB6D3828D083B200868CEC /* AuthViewModel.swift */,
			);
			path = AuthViewModel;
			sourceTree = "<group>";
		};
		63DB6D3728D0839400868CEC /* View */ = {
			isa = PBXGroup;
			children = (
				63120E2728707A1F0005C691 /* AuthScreen.swift */,
				635DC0BC28748DCD000FB680 /* Login.swift */,
				635DC0BE28748DD7000FB680 /* SignUp.swift */,
				635DC0BA28748BBB000FB680 /* CShape.swift */,
				63DB6D3A28D0875600868CEC /* EntryField.swift */,
			);
			path = View;
			sourceTree = "<group>";
		};
/* End PBXGroup section */

/* Begin PBXNativeTarget section */
		63120E2128707A1F0005C691 /* IceRockSwiftUIProject */ = {
			isa = PBXNativeTarget;
			buildConfigurationList = 63120E3028707A210005C691 /* Build configuration list for PBXNativeTarget "IceRockSwiftUIProject" */;
			buildPhases = (
				63120E1E28707A1F0005C691 /* Sources */,
				63120E1F28707A1F0005C691 /* Frameworks */,
				63120E2028707A1F0005C691 /* Resources */,
			);
			buildRules = (
			);
			dependencies = (
			);
			name = IceRockSwiftUIProject;
			packageProductDependencies = (
				6352C73E28C0EB3E002DF51C /* BottomSheet */,
				633E2A1428D208A900345FE4 /* GoogleSignIn */,
				63D362EE28D36CE100EA9C6B /* FirebaseAuth */,
				63D362F028D36CE100EA9C6B /* FirebaseFirestore */,
				63D362F228D36CE100EA9C6B /* FirebaseStorage */,
				6363C87F28D48C3100202A39 /* SDWebImageSwiftUI */,
			);
			productName = TestProjectSwiftUI;
			productReference = 63120E2228707A1F0005C691 /* IceRockSwiftUIProject.app */;
			productType = "com.apple.product-type.application";
		};
/* End PBXNativeTarget section */

/* Begin PBXProject section */
		63120E1A28707A1F0005C691 /* Project object */ = {
			isa = PBXProject;
			attributes = {
				BuildIndependentTargetsInParallel = 1;
				LastSwiftUpdateCheck = 1340;
				LastUpgradeCheck = 1340;
				TargetAttributes = {
					63120E2128707A1F0005C691 = {
						CreatedOnToolsVersion = 13.4.1;
					};
				};
			};
			buildConfigurationList = 63120E1D28707A1F0005C691 /* Build configuration list for PBXProject "IceRockSwiftUIProject" */;
			compatibilityVersion = "Xcode 13.0";
			developmentRegion = en;
			hasScannedForEncodings = 0;
			knownRegions = (
				en,
				Base,
			);
			mainGroup = 63120E1928707A1F0005C691;
			packageReferences = (
				6352C73D28C0EB3E002DF51C /* XCRemoteSwiftPackageReference "BottomSheet" */,
				633E2A1328D208A900345FE4 /* XCRemoteSwiftPackageReference "GoogleSignIn-iOS" */,
				63D362ED28D36CE100EA9C6B /* XCRemoteSwiftPackageReference "firebase-ios-sdk" */,
				6363C87E28D48C3100202A39 /* XCRemoteSwiftPackageReference "SDWebImageSwiftUI" */,
			);
			productRefGroup = 63120E2328707A1F0005C691 /* Products */;
			projectDirPath = "";
			projectRoot = "";
			targets = (
				63120E2128707A1F0005C691 /* IceRockSwiftUIProject */,
			);
		};
/* End PBXProject section */

/* Begin PBXResourcesBuildPhase section */
		63120E2028707A1F0005C691 /* Resources */ = {
			isa = PBXResourcesBuildPhase;
			buildActionMask = 2147483647;
			files = (
				63AF24D2289C0A6A0072F5CC /* Launch Screen.storyboard in Resources */,
				63120E2D28707A210005C691 /* Preview Assets.xcassets in Resources */,
				63120E2A28707A210005C691 /* Assets.xcassets in Resources */,
			);
			runOnlyForDeploymentPostprocessing = 0;
		};
/* End PBXResourcesBuildPhase section */

/* Begin PBXSourcesBuildPhase section */
		63120E1E28707A1F0005C691 /* Sources */ = {
			isa = PBXSourcesBuildPhase;
			buildActionMask = 2147483647;
			files = (
				63BFB2A528CF441E00352EE7 /* GoogleService-Info.plist in Sources */,
				6350DE3228C2327F009A41EB /* PortfolioChartView.swift in Sources */,
				63DAE203287DCA410014E62A /* Extension+Double.swift in Sources */,
				63DAE1F5287DB61B0014E62A /* CoinModel.swift in Sources */,
				63DAE1FE287DBE380014E62A /* PreviewProvider.swift in Sources */,
				63DAE20F287F155B0014E62A /* CryptoImageService.swift in Sources */,
				63BFB2A428CF3B9D00352EE7 /* MainScreen.swift in Sources */,
				630FE68828BE6612008CDFE4 /* CryptoPortfolioScreen.swift in Sources */,
				63120E2828707A1F0005C691 /* AuthScreen.swift in Sources */,
				63DAE200287DBEBF0014E62A /* CryptoRowView.swift in Sources */,
				63DAE1F7287DB6360014E62A /* MarketDataModel.swift in Sources */,
				6399B65428C8C79E0048ADE9 /* ProfileViewModel.swift in Sources */,
				63DAE205287EB8310014E62A /* CryptoCoreViewModel.swift in Sources */,
				63064F5528917BCC00DF262D /* CoinDetailModel.swift in Sources */,
				631E12322886F0650051D105 /* HomeStatistView.swift in Sources */,
				63120E2628707A1F0005C691 /* TestProjectSwiftUIApp.swift in Sources */,
				6350DE3028C23007009A41EB /* PortfolioStatisticSlice.swift in Sources */,
				63C1E2072877312F00E3FD60 /* Extension+Color.swift in Sources */,
				6363C87928D4673600202A39 /* UserModel.swift in Sources */,
				63DB6D3928D083B200868CEC /* AuthViewModel.swift in Sources */,
				63AF24D6289C0D970072F5CC /* LaunchView.swift in Sources */,
				631E1234288706FD0051D105 /* MarketDataService.swift in Sources */,
				632745392890275000237666 /* PortfolioDataService.swift in Sources */,
				63DAE1F0287D96810014E62A /* CircleButtonView.swift in Sources */,
				63DAE20B287F070C0014E62A /* NetworkManager.swift in Sources */,
				63DB6D3B28D0875600868CEC /* EntryField.swift in Sources */,
				630FE68628BE2E59008CDFE4 /* Extension+Font.swift in Sources */,
				6327453E2891467A00237666 /* DetailView.swift in Sources */,
				638DED4E28BF7A64006AAE15 /* ModelProfile.swift in Sources */,
				632745422891469000237666 /* DetailViewModel.swift in Sources */,
				63DAE20D287F12E30014E62A /* CryptoImageView.swift in Sources */,
				63DAE211287F17100014E62A /* CryptoImageViewModel.swift in Sources */,
				63BFB2A128CF3B4200352EE7 /* ViewRouter.swift in Sources */,
				633788E028C779D500C3ED02 /* ImagePicker.swift in Sources */,
				635DC0BF28748DD7000FB680 /* SignUp.swift in Sources */,
				631D7FEE289292470071E546 /* ChartView.swift in Sources */,
				6399B65928C9E89F0048ADE9 /* Extension+Placeholder.swift in Sources */,
				63DAE1F2287D9C070014E62A /* CircleButtonAnimationView.swift in Sources */,
				631E122E2886E97D0051D105 /* StatisticModel.swift in Sources */,
				6328E9F02880633B00143F77 /* ExtensionApplication.swift in Sources */,
				63C1E20428772AC000E3FD60 /* CryptoCoreScreen.swift in Sources */,
				631D7FF22892A7AC0071E546 /* String.swift in Sources */,
				63274534288FEAC700237666 /* CoinLogoView.swift in Sources */,
				635DC0BB28748BBB000FB680 /* CShape.swift in Sources */,
				638DED4A28BF4E4B006AAE15 /* CustomNavBar.swift in Sources */,
				6328E9EE28805B8000143F77 /* SearchBarView.swift in Sources */,
				63064F572891803300DF262D /* CoinDetailDataService.swift in Sources */,
				63274530288FE19E00237666 /* PortfolioView.swift in Sources */,
				63D362E428D311FE00EA9C6B /* EditProfileView.swift in Sources */,
				631E12302886EB8A0051D105 /* StatisticView.swift in Sources */,
				63DAE208287ED4550014E62A /* CryptoDataService.swift in Sources */,
				638DED5028BFB3DF006AAE15 /* ProfileView.swift in Sources */,
				635DC0BD28748DCD000FB680 /* Login.swift in Sources */,
				631D7FF02892A7A20071E546 /* Date.swift in Sources */,
				6352C73828C0C746002DF51C /* CornerRadius+Extension.swift in Sources */,
				638DED4C28BF770F006AAE15 /* RowProfile.swift in Sources */,
				63274537289025C900237666 /* PortfolioDataContainer.xcdatamodeld in Sources */,
				6328E9EB28804C2F00143F77 /* LocalFileManager.swift in Sources */,
			);
			runOnlyForDeploymentPostprocessing = 0;
		};
/* End PBXSourcesBuildPhase section */

/* Begin XCBuildConfiguration section */
		63120E2E28707A210005C691 /* Debug */ = {
			isa = XCBuildConfiguration;
			buildSettings = {
				ALWAYS_SEARCH_USER_PATHS = NO;
				CLANG_ANALYZER_NONNULL = YES;
				CLANG_ANALYZER_NUMBER_OBJECT_CONVERSION = YES_AGGRESSIVE;
				CLANG_CXX_LANGUAGE_STANDARD = "gnu++17";
				CLANG_ENABLE_MODULES = YES;
				CLANG_ENABLE_OBJC_ARC = YES;
				CLANG_ENABLE_OBJC_WEAK = YES;
				CLANG_WARN_BLOCK_CAPTURE_AUTORELEASING = YES;
				CLANG_WARN_BOOL_CONVERSION = YES;
				CLANG_WARN_COMMA = YES;
				CLANG_WARN_CONSTANT_CONVERSION = YES;
				CLANG_WARN_DEPRECATED_OBJC_IMPLEMENTATIONS = YES;
				CLANG_WARN_DIRECT_OBJC_ISA_USAGE = YES_ERROR;
				CLANG_WARN_DOCUMENTATION_COMMENTS = YES;
				CLANG_WARN_EMPTY_BODY = YES;
				CLANG_WARN_ENUM_CONVERSION = YES;
				CLANG_WARN_INFINITE_RECURSION = YES;
				CLANG_WARN_INT_CONVERSION = YES;
				CLANG_WARN_NON_LITERAL_NULL_CONVERSION = YES;
				CLANG_WARN_OBJC_IMPLICIT_RETAIN_SELF = YES;
				CLANG_WARN_OBJC_LITERAL_CONVERSION = YES;
				CLANG_WARN_OBJC_ROOT_CLASS = YES_ERROR;
				CLANG_WARN_QUOTED_INCLUDE_IN_FRAMEWORK_HEADER = YES;
				CLANG_WARN_RANGE_LOOP_ANALYSIS = YES;
				CLANG_WARN_STRICT_PROTOTYPES = YES;
				CLANG_WARN_SUSPICIOUS_MOVE = YES;
				CLANG_WARN_UNGUARDED_AVAILABILITY = YES_AGGRESSIVE;
				CLANG_WARN_UNREACHABLE_CODE = YES;
				CLANG_WARN__DUPLICATE_METHOD_MATCH = YES;
				COPY_PHASE_STRIP = NO;
				DEBUG_INFORMATION_FORMAT = dwarf;
				ENABLE_STRICT_OBJC_MSGSEND = YES;
				ENABLE_TESTABILITY = YES;
				GCC_C_LANGUAGE_STANDARD = gnu11;
				GCC_DYNAMIC_NO_PIC = NO;
				GCC_NO_COMMON_BLOCKS = YES;
				GCC_OPTIMIZATION_LEVEL = 0;
				GCC_PREPROCESSOR_DEFINITIONS = (
					"DEBUG=1",
					"$(inherited)",
				);
				GCC_WARN_64_TO_32_BIT_CONVERSION = YES;
				GCC_WARN_ABOUT_RETURN_TYPE = YES_ERROR;
				GCC_WARN_UNDECLARED_SELECTOR = YES;
				GCC_WARN_UNINITIALIZED_AUTOS = YES_AGGRESSIVE;
				GCC_WARN_UNUSED_FUNCTION = YES;
				GCC_WARN_UNUSED_VARIABLE = YES;
				IPHONEOS_DEPLOYMENT_TARGET = 14.0;
				MTL_ENABLE_DEBUG_INFO = INCLUDE_SOURCE;
				MTL_FAST_MATH = YES;
				ONLY_ACTIVE_ARCH = YES;
				SDKROOT = iphoneos;
				SWIFT_ACTIVE_COMPILATION_CONDITIONS = DEBUG;
				SWIFT_OPTIMIZATION_LEVEL = "-Onone";
			};
			name = Debug;
		};
		63120E2F28707A210005C691 /* Release */ = {
			isa = XCBuildConfiguration;
			buildSettings = {
				ALWAYS_SEARCH_USER_PATHS = NO;
				CLANG_ANALYZER_NONNULL = YES;
				CLANG_ANALYZER_NUMBER_OBJECT_CONVERSION = YES_AGGRESSIVE;
				CLANG_CXX_LANGUAGE_STANDARD = "gnu++17";
				CLANG_ENABLE_MODULES = YES;
				CLANG_ENABLE_OBJC_ARC = YES;
				CLANG_ENABLE_OBJC_WEAK = YES;
				CLANG_WARN_BLOCK_CAPTURE_AUTORELEASING = YES;
				CLANG_WARN_BOOL_CONVERSION = YES;
				CLANG_WARN_COMMA = YES;
				CLANG_WARN_CONSTANT_CONVERSION = YES;
				CLANG_WARN_DEPRECATED_OBJC_IMPLEMENTATIONS = YES;
				CLANG_WARN_DIRECT_OBJC_ISA_USAGE = YES_ERROR;
				CLANG_WARN_DOCUMENTATION_COMMENTS = YES;
				CLANG_WARN_EMPTY_BODY = YES;
				CLANG_WARN_ENUM_CONVERSION = YES;
				CLANG_WARN_INFINITE_RECURSION = YES;
				CLANG_WARN_INT_CONVERSION = YES;
				CLANG_WARN_NON_LITERAL_NULL_CONVERSION = YES;
				CLANG_WARN_OBJC_IMPLICIT_RETAIN_SELF = YES;
				CLANG_WARN_OBJC_LITERAL_CONVERSION = YES;
				CLANG_WARN_OBJC_ROOT_CLASS = YES_ERROR;
				CLANG_WARN_QUOTED_INCLUDE_IN_FRAMEWORK_HEADER = YES;
				CLANG_WARN_RANGE_LOOP_ANALYSIS = YES;
				CLANG_WARN_STRICT_PROTOTYPES = YES;
				CLANG_WARN_SUSPICIOUS_MOVE = YES;
				CLANG_WARN_UNGUARDED_AVAILABILITY = YES_AGGRESSIVE;
				CLANG_WARN_UNREACHABLE_CODE = YES;
				CLANG_WARN__DUPLICATE_METHOD_MATCH = YES;
				COPY_PHASE_STRIP = NO;
				DEBUG_INFORMATION_FORMAT = "dwarf-with-dsym";
				ENABLE_NS_ASSERTIONS = NO;
				ENABLE_STRICT_OBJC_MSGSEND = YES;
				GCC_C_LANGUAGE_STANDARD = gnu11;
				GCC_NO_COMMON_BLOCKS = YES;
				GCC_WARN_64_TO_32_BIT_CONVERSION = YES;
				GCC_WARN_ABOUT_RETURN_TYPE = YES_ERROR;
				GCC_WARN_UNDECLARED_SELECTOR = YES;
				GCC_WARN_UNINITIALIZED_AUTOS = YES_AGGRESSIVE;
				GCC_WARN_UNUSED_FUNCTION = YES;
				GCC_WARN_UNUSED_VARIABLE = YES;
				IPHONEOS_DEPLOYMENT_TARGET = 14.0;
				MTL_ENABLE_DEBUG_INFO = NO;
				MTL_FAST_MATH = YES;
				SDKROOT = iphoneos;
				SWIFT_COMPILATION_MODE = wholemodule;
				SWIFT_OPTIMIZATION_LEVEL = "-O";
				VALIDATE_PRODUCT = YES;
			};
			name = Release;
		};
		63120E3128707A210005C691 /* Debug */ = {
			isa = XCBuildConfiguration;
			buildSettings = {
				ASSETCATALOG_COMPILER_APPICON_NAME = AppIcon;
				ASSETCATALOG_COMPILER_GLOBAL_ACCENT_COLOR_NAME = AccentColor;
				CODE_SIGN_STYLE = Automatic;
				CURRENT_PROJECT_VERSION = 1;
				DEVELOPMENT_ASSET_PATHS = "TestProjectSwiftUI/Preview\\ Content";
				DEVELOPMENT_TEAM = G9G64N85GB;
				ENABLE_PREVIEWS = YES;
				GENERATE_INFOPLIST_FILE = YES;
				INFOPLIST_FILE = "IceRockSwiftUIProject-Info.plist";
				INFOPLIST_KEY_UIApplicationSceneManifest_Generation = YES;
				INFOPLIST_KEY_UIApplicationSupportsIndirectInputEvents = YES;
				INFOPLIST_KEY_UILaunchStoryboardName = "Launch Screen";
				INFOPLIST_KEY_UISupportedInterfaceOrientations = "";
				INFOPLIST_KEY_UISupportedInterfaceOrientations_iPad = "UIInterfaceOrientationPortrait UIInterfaceOrientationPortraitUpsideDown UIInterfaceOrientationLandscapeLeft UIInterfaceOrientationLandscapeRight";
				INFOPLIST_KEY_UISupportedInterfaceOrientations_iPhone = "UIInterfaceOrientationPortrait UIInterfaceOrientationLandscapeLeft UIInterfaceOrientationLandscapeRight";
				LD_RUNPATH_SEARCH_PATHS = (
					"$(inherited)",
					"@executable_path/Frameworks",
				);
				MARKETING_VERSION = 1.0;
				PRODUCT_BUNDLE_IDENTIFIER = com.gmail.killefrostgod.TestProjectSwiftUI;
				PRODUCT_NAME = IceRockSwiftUIProject;
				SWIFT_EMIT_LOC_STRINGS = YES;
				SWIFT_VERSION = 5.0;
				TARGETED_DEVICE_FAMILY = 1;
			};
			name = Debug;
		};
		63120E3228707A210005C691 /* Release */ = {
			isa = XCBuildConfiguration;
			buildSettings = {
				ASSETCATALOG_COMPILER_APPICON_NAME = AppIcon;
				ASSETCATALOG_COMPILER_GLOBAL_ACCENT_COLOR_NAME = AccentColor;
				CODE_SIGN_STYLE = Automatic;
				CURRENT_PROJECT_VERSION = 1;
				DEVELOPMENT_ASSET_PATHS = "TestProjectSwiftUI/Preview\\ Content";
				DEVELOPMENT_TEAM = G9G64N85GB;
				ENABLE_PREVIEWS = YES;
				GENERATE_INFOPLIST_FILE = YES;
				INFOPLIST_FILE = "IceRockSwiftUIProject-Info.plist";
				INFOPLIST_KEY_UIApplicationSceneManifest_Generation = YES;
				INFOPLIST_KEY_UIApplicationSupportsIndirectInputEvents = YES;
				INFOPLIST_KEY_UILaunchStoryboardName = "Launch Screen";
				INFOPLIST_KEY_UISupportedInterfaceOrientations = "";
				INFOPLIST_KEY_UISupportedInterfaceOrientations_iPad = "UIInterfaceOrientationPortrait UIInterfaceOrientationPortraitUpsideDown UIInterfaceOrientationLandscapeLeft UIInterfaceOrientationLandscapeRight";
				INFOPLIST_KEY_UISupportedInterfaceOrientations_iPhone = "UIInterfaceOrientationPortrait UIInterfaceOrientationLandscapeLeft UIInterfaceOrientationLandscapeRight";
				LD_RUNPATH_SEARCH_PATHS = (
					"$(inherited)",
					"@executable_path/Frameworks",
				);
				MARKETING_VERSION = 1.0;
				PRODUCT_BUNDLE_IDENTIFIER = com.gmail.killefrostgod.TestProjectSwiftUI;
				PRODUCT_NAME = IceRockSwiftUIProject;
				SWIFT_EMIT_LOC_STRINGS = YES;
				SWIFT_VERSION = 5.0;
				TARGETED_DEVICE_FAMILY = 1;
			};
			name = Release;
		};
/* End XCBuildConfiguration section */

/* Begin XCConfigurationList section */
		63120E1D28707A1F0005C691 /* Build configuration list for PBXProject "IceRockSwiftUIProject" */ = {
			isa = XCConfigurationList;
			buildConfigurations = (
				63120E2E28707A210005C691 /* Debug */,
				63120E2F28707A210005C691 /* Release */,
			);
			defaultConfigurationIsVisible = 0;
			defaultConfigurationName = Release;
		};
		63120E3028707A210005C691 /* Build configuration list for PBXNativeTarget "IceRockSwiftUIProject" */ = {
			isa = XCConfigurationList;
			buildConfigurations = (
				63120E3128707A210005C691 /* Debug */,
				63120E3228707A210005C691 /* Release */,
			);
			defaultConfigurationIsVisible = 0;
			defaultConfigurationName = Release;
		};
/* End XCConfigurationList section */

/* Begin XCRemoteSwiftPackageReference section */
		633E2A1328D208A900345FE4 /* XCRemoteSwiftPackageReference "GoogleSignIn-iOS" */ = {
			isa = XCRemoteSwiftPackageReference;
			repositoryURL = "https://github.com/google/GoogleSignIn-iOS";
			requirement = {
				kind = upToNextMajorVersion;
				minimumVersion = 6.0.0;
			};
		};
		6352C73D28C0EB3E002DF51C /* XCRemoteSwiftPackageReference "BottomSheet" */ = {
			isa = XCRemoteSwiftPackageReference;
			repositoryURL = "https://github.com/lucaszischka/BottomSheet";
			requirement = {
				kind = upToNextMajorVersion;
				minimumVersion = 3.0.0;
			};
		};
		6363C87E28D48C3100202A39 /* XCRemoteSwiftPackageReference "SDWebImageSwiftUI" */ = {
			isa = XCRemoteSwiftPackageReference;
			repositoryURL = "https://github.com/SDWebImage/SDWebImageSwiftUI.git";
			requirement = {
				kind = upToNextMajorVersion;
				minimumVersion = 2.0.0;
			};
		};
		63D362ED28D36CE100EA9C6B /* XCRemoteSwiftPackageReference "firebase-ios-sdk" */ = {
			isa = XCRemoteSwiftPackageReference;
			repositoryURL = "https://github.com/firebase/firebase-ios-sdk";
			requirement = {
				branch = master;
				kind = branch;
			};
		};
/* End XCRemoteSwiftPackageReference section */

/* Begin XCSwiftPackageProductDependency section */
		633E2A1428D208A900345FE4 /* GoogleSignIn */ = {
			isa = XCSwiftPackageProductDependency;
			package = 633E2A1328D208A900345FE4 /* XCRemoteSwiftPackageReference "GoogleSignIn-iOS" */;
			productName = GoogleSignIn;
		};
		6352C73E28C0EB3E002DF51C /* BottomSheet */ = {
			isa = XCSwiftPackageProductDependency;
			package = 6352C73D28C0EB3E002DF51C /* XCRemoteSwiftPackageReference "BottomSheet" */;
			productName = BottomSheet;
		};
		6363C87F28D48C3100202A39 /* SDWebImageSwiftUI */ = {
			isa = XCSwiftPackageProductDependency;
			package = 6363C87E28D48C3100202A39 /* XCRemoteSwiftPackageReference "SDWebImageSwiftUI" */;
			productName = SDWebImageSwiftUI;
		};
		63D362EE28D36CE100EA9C6B /* FirebaseAuth */ = {
			isa = XCSwiftPackageProductDependency;
			package = 63D362ED28D36CE100EA9C6B /* XCRemoteSwiftPackageReference "firebase-ios-sdk" */;
			productName = FirebaseAuth;
		};
		63D362F028D36CE100EA9C6B /* FirebaseFirestore */ = {
			isa = XCSwiftPackageProductDependency;
			package = 63D362ED28D36CE100EA9C6B /* XCRemoteSwiftPackageReference "firebase-ios-sdk" */;
			productName = FirebaseFirestore;
		};
		63D362F228D36CE100EA9C6B /* FirebaseStorage */ = {
			isa = XCSwiftPackageProductDependency;
			package = 63D362ED28D36CE100EA9C6B /* XCRemoteSwiftPackageReference "firebase-ios-sdk" */;
			productName = FirebaseStorage;
		};
/* End XCSwiftPackageProductDependency section */

/* Begin XCVersionGroup section */
		63274535289025C800237666 /* PortfolioDataContainer.xcdatamodeld */ = {
			isa = XCVersionGroup;
			children = (
				63274536289025C800237666 /* PortfolioDataContainer.xcdatamodel */,
			);
			currentVersion = 63274536289025C800237666 /* PortfolioDataContainer.xcdatamodel */;
			path = PortfolioDataContainer.xcdatamodeld;
			sourceTree = "<group>";
			versionGroupType = wrapper.xcdatamodel;
		};
/* End XCVersionGroup section */
	};
	rootObject = 63120E1A28707A1F0005C691 /* Project object */;
}
